
Microsoft Visual Studio Solution File, Format Version 12.00
# Visual Studio Version 17
VisualStudioVersion = 17.5.33516.290
MinimumVisualStudioVersion = 10.0.40219.1
Project("{2150E333-8FDC-42A3-9474-1A3956D46DE8}") = "SRC", "SRC", "{4FEFBAD2-863C-4259-9F92-B6479D73E6EB}"
EndProject
Project("{2150E333-8FDC-42A3-9474-1A3956D46DE8}") = "00.Core", "00.Core", "{FB70C22F-3223-45A0-B873-855FE578E948}"
EndProject
Project("{2150E333-8FDC-42A3-9474-1A3956D46DE8}") = "03.InterfaceAdapter", "03.InterfaceAdapter", "{4C7DC803-7022-49A2-9C4F-6122A3E99814}"
EndProject
Project("{2150E333-8FDC-42A3-9474-1A3956D46DE8}") = "04.Frameworks&Drivers", "04.Frameworks&Drivers", "{328DA366-1624-4998-97E2-9BAFD09CA1B5}"
EndProject
Project("{2150E333-8FDC-42A3-9474-1A3956D46DE8}") = "02.ApplicationBusinessRules", "02.ApplicationBusinessRules", "{93FACBA3-A8AD-4621-878C-FB2E932DA4D1}"
	ProjectSection(SolutionItems) = preProject
		Rotiseria.BusinessRules\DTOs\UsuarioDTOs\UpdateUsuarioRequest.cs = Rotiseria.BusinessRules\DTOs\UsuarioDTOs\UpdateUsuarioRequest.cs
	EndProjectSection
EndProject
Project("{2150E333-8FDC-42A3-9474-1A3956D46DE8}") = "01.EnterpriseBusinessRules", "01.EnterpriseBusinessRules", "{77F09446-19D6-4C6F-9EBB-B1BC701F05E9}"
EndProject
Project("{2150E333-8FDC-42A3-9474-1A3956D46DE8}") = "BusinessObject", "BusinessObject", "{BA8EC247-3895-47CD-AA60-F087C0423146}"
EndProject
Project("{2150E333-8FDC-42A3-9474-1A3956D46DE8}") = "UseCases", "UseCases", "{38469E99-2743-426E-B62B-D3F7583A69F2}"
EndProject
Project("{2150E333-8FDC-42A3-9474-1A3956D46DE8}") = "Controllers", "Controllers", "{73F4CBEA-C078-4426-8078-24A48F61A40B}"
EndProject
Project("{2150E333-8FDC-42A3-9474-1A3956D46DE8}") = "DependencyInversion", "DependencyInversion", "{CEC410E8-D68A-410F-AF61-A6B18E555D78}"
EndProject
Project("{2150E333-8FDC-42A3-9474-1A3956D46DE8}") = "Getways", "Getways", "{DCB53C45-6EDB-4FCA-8BF0-9D5F82B57E29}"
EndProject
Project("{2150E333-8FDC-42A3-9474-1A3956D46DE8}") = "Repository", "Repository", "{9A9B974D-7B91-4B9A-9DA7-5D535CE25C1E}"
EndProject
Project("{2150E333-8FDC-42A3-9474-1A3956D46DE8}") = "Presenters", "Presenters", "{DB1960E8-8954-41A0-B136-0C94207324CD}"
EndProject
Project("{9A19103F-16F7-4668-BE54-9A1E7A4F7556}") = "Rotiseria.Presenters", "Rotiseria.Presenters\Rotiseria.Presenters.csproj", "{E15894CF-A83E-410B-A969-42FC78BE648F}"
EndProject
Project("{2150E333-8FDC-42A3-9474-1A3956D46DE8}") = "API", "API", "{7A3C3D75-AB26-4A2B-A16F-70F1920EDF90}"
EndProject
Project("{9A19103F-16F7-4668-BE54-9A1E7A4F7556}") = "WebApi", "WebApi\WebApi.csproj", "{B95BF79C-E323-418D-8C9C-B2ABF5F62D29}"
EndProject
Project("{9A19103F-16F7-4668-BE54-9A1E7A4F7556}") = "Rotiseria.Entities", "Rotiseria.Entities\Rotiseria.Entities.csproj", "{F063955A-A472-4538-9C3E-B6DFFF7871E1}"
EndProject
Project("{9A19103F-16F7-4668-BE54-9A1E7A4F7556}") = "Rotiseria.BusinessRules", "Rotiseria.BusinessRules\Rotiseria.BusinessRules.csproj", "{EBC18509-E5C9-4764-979B-505B5D68DA7D}"
EndProject
Project("{9A19103F-16F7-4668-BE54-9A1E7A4F7556}") = "Rotiseria.UseCases", "Rotiseria.UseCases\Rotiseria.UseCases.csproj", "{446B9167-2372-48E6-BB0A-42B2B1A33619}"
EndProject
Project("{9A19103F-16F7-4668-BE54-9A1E7A4F7556}") = "Rotiseria.Controllers", "Rotiseria.Controllers\Rotiseria.Controllers.csproj", "{5E465CDF-54D6-4061-8BB0-E9F5B19F137C}"
EndProject
Project("{9A19103F-16F7-4668-BE54-9A1E7A4F7556}") = "Rotiseria.DependencyInversion", "Rotiseria.DependencyInversion\Rotiseria.DependencyInversion.csproj", "{0981171D-1B21-4197-8638-27EB342A0247}"
EndProject
Project("{9A19103F-16F7-4668-BE54-9A1E7A4F7556}") = "Rotiseria.Repositories", "Rotiseria.Repositories\Rotiseria.Repositories.csproj", "{E33961E3-C5C6-4303-825D-3D8167038842}"
EndProject
Project("{2150E333-8FDC-42A3-9474-1A3956D46DE8}") = "BaseDatos", "BaseDatos", "{DFE53C38-F604-4D16-84D1-66F749BD7F3A}"
	ProjectSection(SolutionItems) = preProject
		..\programacionpDB.sql = ..\programacionpDB.sql
	EndProjectSection
EndProject
Global
	GlobalSection(SolutionConfigurationPlatforms) = preSolution
		Debug|Any CPU = Debug|Any CPU
		Release|Any CPU = Release|Any CPU
	EndGlobalSection
	GlobalSection(ProjectConfigurationPlatforms) = postSolution
		{E15894CF-A83E-410B-A969-42FC78BE648F}.Debug|Any CPU.ActiveCfg = Debug|Any CPU
		{E15894CF-A83E-410B-A969-42FC78BE648F}.Debug|Any CPU.Build.0 = Debug|Any CPU
		{E15894CF-A83E-410B-A969-42FC78BE648F}.Release|Any CPU.ActiveCfg = Release|Any CPU
		{E15894CF-A83E-410B-A969-42FC78BE648F}.Release|Any CPU.Build.0 = Release|Any CPU
		{B95BF79C-E323-418D-8C9C-B2ABF5F62D29}.Debug|Any CPU.ActiveCfg = Debug|Any CPU
		{B95BF79C-E323-418D-8C9C-B2ABF5F62D29}.Debug|Any CPU.Build.0 = Debug|Any CPU
		{B95BF79C-E323-418D-8C9C-B2ABF5F62D29}.Release|Any CPU.ActiveCfg = Release|Any CPU
		{B95BF79C-E323-418D-8C9C-B2ABF5F62D29}.Release|Any CPU.Build.0 = Release|Any CPU
		{F063955A-A472-4538-9C3E-B6DFFF7871E1}.Debug|Any CPU.ActiveCfg = Debug|Any CPU
		{F063955A-A472-4538-9C3E-B6DFFF7871E1}.Debug|Any CPU.Build.0 = Debug|Any CPU
		{F063955A-A472-4538-9C3E-B6DFFF7871E1}.Release|Any CPU.ActiveCfg = Release|Any CPU
		{F063955A-A472-4538-9C3E-B6DFFF7871E1}.Release|Any CPU.Build.0 = Release|Any CPU
		{EBC18509-E5C9-4764-979B-505B5D68DA7D}.Debug|Any CPU.ActiveCfg = Debug|Any CPU
		{EBC18509-E5C9-4764-979B-505B5D68DA7D}.Debug|Any CPU.Build.0 = Debug|Any CPU
		{EBC18509-E5C9-4764-979B-505B5D68DA7D}.Release|Any CPU.ActiveCfg = Release|Any CPU
		{EBC18509-E5C9-4764-979B-505B5D68DA7D}.Release|Any CPU.Build.0 = Release|Any CPU
		{446B9167-2372-48E6-BB0A-42B2B1A33619}.Debug|Any CPU.ActiveCfg = Debug|Any CPU
		{446B9167-2372-48E6-BB0A-42B2B1A33619}.Debug|Any CPU.Build.0 = Debug|Any CPU
		{446B9167-2372-48E6-BB0A-42B2B1A33619}.Release|Any CPU.ActiveCfg = Release|Any CPU
		{446B9167-2372-48E6-BB0A-42B2B1A33619}.Release|Any CPU.Build.0 = Release|Any CPU
		{5E465CDF-54D6-4061-8BB0-E9F5B19F137C}.Debug|Any CPU.ActiveCfg = Debug|Any CPU
		{5E465CDF-54D6-4061-8BB0-E9F5B19F137C}.Debug|Any CPU.Build.0 = Debug|Any CPU
		{5E465CDF-54D6-4061-8BB0-E9F5B19F137C}.Release|Any CPU.ActiveCfg = Release|Any CPU
		{5E465CDF-54D6-4061-8BB0-E9F5B19F137C}.Release|Any CPU.Build.0 = Release|Any CPU
		{0981171D-1B21-4197-8638-27EB342A0247}.Debug|Any CPU.ActiveCfg = Debug|Any CPU
		{0981171D-1B21-4197-8638-27EB342A0247}.Debug|Any CPU.Build.0 = Debug|Any CPU
		{0981171D-1B21-4197-8638-27EB342A0247}.Release|Any CPU.ActiveCfg = Release|Any CPU
		{0981171D-1B21-4197-8638-27EB342A0247}.Release|Any CPU.Build.0 = Release|Any CPU
		{E33961E3-C5C6-4303-825D-3D8167038842}.Debug|Any CPU.ActiveCfg = Debug|Any CPU
		{E33961E3-C5C6-4303-825D-3D8167038842}.Debug|Any CPU.Build.0 = Debug|Any CPU
		{E33961E3-C5C6-4303-825D-3D8167038842}.Release|Any CPU.ActiveCfg = Release|Any CPU
		{E33961E3-C5C6-4303-825D-3D8167038842}.Release|Any CPU.Build.0 = Release|Any CPU
	EndGlobalSection
	GlobalSection(SolutionProperties) = preSolution
		HideSolutionNode = FALSE
	EndGlobalSection
	GlobalSection(NestedProjects) = preSolution
		{FB70C22F-3223-45A0-B873-855FE578E948} = {4FEFBAD2-863C-4259-9F92-B6479D73E6EB}
		{4C7DC803-7022-49A2-9C4F-6122A3E99814} = {4FEFBAD2-863C-4259-9F92-B6479D73E6EB}
		{328DA366-1624-4998-97E2-9BAFD09CA1B5} = {4FEFBAD2-863C-4259-9F92-B6479D73E6EB}
		{93FACBA3-A8AD-4621-878C-FB2E932DA4D1} = {FB70C22F-3223-45A0-B873-855FE578E948}
		{77F09446-19D6-4C6F-9EBB-B1BC701F05E9} = {FB70C22F-3223-45A0-B873-855FE578E948}
		{BA8EC247-3895-47CD-AA60-F087C0423146} = {93FACBA3-A8AD-4621-878C-FB2E932DA4D1}
		{38469E99-2743-426E-B62B-D3F7583A69F2} = {93FACBA3-A8AD-4621-878C-FB2E932DA4D1}
		{73F4CBEA-C078-4426-8078-24A48F61A40B} = {4C7DC803-7022-49A2-9C4F-6122A3E99814}
		{CEC410E8-D68A-410F-AF61-A6B18E555D78} = {4C7DC803-7022-49A2-9C4F-6122A3E99814}
		{DCB53C45-6EDB-4FCA-8BF0-9D5F82B57E29} = {4C7DC803-7022-49A2-9C4F-6122A3E99814}
		{9A9B974D-7B91-4B9A-9DA7-5D535CE25C1E} = {DCB53C45-6EDB-4FCA-8BF0-9D5F82B57E29}
		{DB1960E8-8954-41A0-B136-0C94207324CD} = {4C7DC803-7022-49A2-9C4F-6122A3E99814}
		{E15894CF-A83E-410B-A969-42FC78BE648F} = {DB1960E8-8954-41A0-B136-0C94207324CD}
		{7A3C3D75-AB26-4A2B-A16F-70F1920EDF90} = {328DA366-1624-4998-97E2-9BAFD09CA1B5}
		{B95BF79C-E323-418D-8C9C-B2ABF5F62D29} = {7A3C3D75-AB26-4A2B-A16F-70F1920EDF90}
		{F063955A-A472-4538-9C3E-B6DFFF7871E1} = {77F09446-19D6-4C6F-9EBB-B1BC701F05E9}
		{EBC18509-E5C9-4764-979B-505B5D68DA7D} = {BA8EC247-3895-47CD-AA60-F087C0423146}
		{446B9167-2372-48E6-BB0A-42B2B1A33619} = {38469E99-2743-426E-B62B-D3F7583A69F2}
		{5E465CDF-54D6-4061-8BB0-E9F5B19F137C} = {73F4CBEA-C078-4426-8078-24A48F61A40B}
		{0981171D-1B21-4197-8638-27EB342A0247} = {CEC410E8-D68A-410F-AF61-A6B18E555D78}
		{E33961E3-C5C6-4303-825D-3D8167038842} = {9A9B974D-7B91-4B9A-9DA7-5D535CE25C1E}
	EndGlobalSection
	GlobalSection(ExtensibilityGlobals) = postSolution
		SolutionGuid = {FBE258AD-42C6-4F43-9295-5DAEF9F5EFFF}
	EndGlobalSection
EndGlobal
